
Microsoft Visual Studio Solution File, Format Version 12.00
# Visual Studio Version 17
VisualStudioVersion = 17.0.31919.166
MinimumVisualStudioVersion = 10.0.40219.1
Project("{FAE04EC0-301F-11D3-BF4B-00C04F79EFBC}") = "portal-api", "MyWebAPI\portal-api.csproj", "{B620BA27-48DC-48C3-839C-BAE77EDA715F}"
EndProject
Project("{FAE04EC0-301F-11D3-BF4B-00C04F79EFBC}") = "portal-services", "my-services\portal-services.csproj", "{33541F83-0ECE-4FB0-8BE5-0E4A05A572E9}"
EndProject
Project("{FAE04EC0-301F-11D3-BF4B-00C04F79EFBC}") = "portal-dal", "portal-dal\portal-dal.csproj", "{2089AEEE-A41E-44D5-BA85-C687B66E667C}"
EndProject
Project("{FAE04EC0-301F-11D3-BF4B-00C04F79EFBC}") = "portal-domain", "portal-domain\portal-domain.csproj", "{82A7003A-0A21-48DB-A30C-D2F6AEE420E8}"
EndProject
Global
	GlobalSection(SolutionConfigurationPlatforms) = preSolution
		Debug|Any CPU = Debug|Any CPU
		Release|Any CPU = Release|Any CPU
	EndGlobalSection
	GlobalSection(ProjectConfigurationPlatforms) = postSolution
		{B620BA27-48DC-48C3-839C-BAE77EDA715F}.Debug|Any CPU.ActiveCfg = Debug|Any CPU
		{B620BA27-48DC-48C3-839C-BAE77EDA715F}.Debug|Any CPU.Build.0 = Debug|Any CPU
		{B620BA27-48DC-48C3-839C-BAE77EDA715F}.Release|Any CPU.ActiveCfg = Release|Any CPU
		{B620BA27-48DC-48C3-839C-BAE77EDA715F}.Release|Any CPU.Build.0 = Release|Any CPU
		{33541F83-0ECE-4FB0-8BE5-0E4A05A572E9}.Debug|Any CPU.ActiveCfg = Debug|Any CPU
		{33541F83-0ECE-4FB0-8BE5-0E4A05A572E9}.Debug|Any CPU.Build.0 = Debug|Any CPU
		{33541F83-0ECE-4FB0-8BE5-0E4A05A572E9}.Release|Any CPU.ActiveCfg = Release|Any CPU
		{33541F83-0ECE-4FB0-8BE5-0E4A05A572E9}.Release|Any CPU.Build.0 = Release|Any CPU
		{2089AEEE-A41E-44D5-BA85-C687B66E667C}.Debug|Any CPU.ActiveCfg = Debug|Any CPU
		{2089AEEE-A41E-44D5-BA85-C687B66E667C}.Debug|Any CPU.Build.0 = Debug|Any CPU
		{2089AEEE-A41E-44D5-BA85-C687B66E667C}.Release|Any CPU.ActiveCfg = Release|Any CPU
		{2089AEEE-A41E-44D5-BA85-C687B66E667C}.Release|Any CPU.Build.0 = Release|Any CPU
		{82A7003A-0A21-48DB-A30C-D2F6AEE420E8}.Debug|Any CPU.ActiveCfg = Debug|Any CPU
		{82A7003A-0A21-48DB-A30C-D2F6AEE420E8}.Debug|Any CPU.Build.0 = Debug|Any CPU
		{82A7003A-0A21-48DB-A30C-D2F6AEE420E8}.Release|Any CPU.ActiveCfg = Release|Any CPU
		{82A7003A-0A21-48DB-A30C-D2F6AEE420E8}.Release|Any CPU.Build.0 = Release|Any CPU
	EndGlobalSection
	GlobalSection(SolutionProperties) = preSolution
		HideSolutionNode = FALSE
	EndGlobalSection
	GlobalSection(ExtensibilityGlobals) = postSolution
		SolutionGuid = {1EC34EDF-201D-4013-98A3-EDD7B02495A8}
	EndGlobalSection
EndGlobal
